
Microsoft Visual Studio Solution File, Format Version 12.00
# Visual Studio Version 16
VisualStudioVersion = 16.0.31829.152
MinimumVisualStudioVersion = 10.0.40219.1
Project("{FAE04EC0-301F-11D3-BF4B-00C04F79EFBC}") = "Lesson-01", "Lesson-01\Lesson-01.csproj", "{16751437-E513-4CF1-825D-D648DBC6E89F}"
EndProject
Project("{FAE04EC0-301F-11D3-BF4B-00C04F79EFBC}") = "Lesson-02", "Lesson-02\Lesson-02.csproj", "{7B267F6D-14A0-4A00-9BFA-C330A3C949EE}"
EndProject
Global
	GlobalSection(SolutionConfigurationPlatforms) = preSolution
		Debug|Any CPU = Debug|Any CPU
		Release|Any CPU = Release|Any CPU
	EndGlobalSection
	GlobalSection(ProjectConfigurationPlatforms) = postSolution
		{16751437-E513-4CF1-825D-D648DBC6E89F}.Debug|Any CPU.ActiveCfg = Debug|Any CPU
		{16751437-E513-4CF1-825D-D648DBC6E89F}.Debug|Any CPU.Build.0 = Debug|Any CPU
		{16751437-E513-4CF1-825D-D648DBC6E89F}.Release|Any CPU.ActiveCfg = Release|Any CPU
		{16751437-E513-4CF1-825D-D648DBC6E89F}.Release|Any CPU.Build.0 = Release|Any CPU
		{7B267F6D-14A0-4A00-9BFA-C330A3C949EE}.Debug|Any CPU.ActiveCfg = Debug|Any CPU
		{7B267F6D-14A0-4A00-9BFA-C330A3C949EE}.Debug|Any CPU.Build.0 = Debug|Any CPU
		{7B267F6D-14A0-4A00-9BFA-C330A3C949EE}.Release|Any CPU.ActiveCfg = Release|Any CPU
		{7B267F6D-14A0-4A00-9BFA-C330A3C949EE}.Release|Any CPU.Build.0 = Release|Any CPU
	EndGlobalSection
	GlobalSection(SolutionProperties) = preSolution
		HideSolutionNode = FALSE
	EndGlobalSection
	GlobalSection(ExtensibilityGlobals) = postSolution
		SolutionGuid = {2EA54EB7-0212-4917-80F1-A7EED8F729B5}
	EndGlobalSection
EndGlobal
