
Microsoft Visual Studio Solution File, Format Version 12.00
# Visual Studio Version 16
VisualStudioVersion = 16.0.31829.152
MinimumVisualStudioVersion = 10.0.40219.1
Project("{9A19103F-16F7-4668-BE54-9A1E7A4F7556}") = "CSharp-Level2", "CSharp-Level2\CSharp-Level2.csproj", "{8FE213AB-8B85-4A8B-9CA1-F282C0002F75}"
EndProject
Project("{9A19103F-16F7-4668-BE54-9A1E7A4F7556}") = "Lesson-01", "Lesson-01\Lesson-01.csproj", "{09D03D03-DE9C-4434-A768-39C4D05D29DE}"
EndProject
Project("{9A19103F-16F7-4668-BE54-9A1E7A4F7556}") = "Lesson-02", "Lesson-02\Lesson-02.csproj", "{ED494F11-6AB0-4D85-90EB-27F2EE271318}"
EndProject
Project("{9A19103F-16F7-4668-BE54-9A1E7A4F7556}") = "Lesson-03", "Lesson-03\Lesson-03.csproj", "{3F8A26F4-797C-4994-9F1F-E4A5B512108C}"
EndProject
Project("{9A19103F-16F7-4668-BE54-9A1E7A4F7556}") = "Market", "Market\Market.csproj", "{D179F6CD-EE9D-46BD-9A9A-B74AF7577B3E}"
EndProject
Project("{9A19103F-16F7-4668-BE54-9A1E7A4F7556}") = "PeopleWork", "PeopleWork\PeopleWork.csproj", "{7FF124DC-B98A-4737-ADEF-589103B1ACCC}"
EndProject
Project("{9A19103F-16F7-4668-BE54-9A1E7A4F7556}") = "RecursionExaption", "RecursionExaption\RecursionExaption.csproj", "{C97FA7C6-CB59-48C8-9303-C141C57EB3B1}"
EndProject
Project("{FAE04EC0-301F-11D3-BF4B-00C04F79EFBC}") = "Lesson-04", "Lesson-04\Lesson-04.csproj", "{251E6723-DC67-48BA-8987-7F0C42FAA745}"
EndProject
Global
	GlobalSection(SolutionConfigurationPlatforms) = preSolution
		Debug|Any CPU = Debug|Any CPU
		Release|Any CPU = Release|Any CPU
	EndGlobalSection
	GlobalSection(ProjectConfigurationPlatforms) = postSolution
		{8FE213AB-8B85-4A8B-9CA1-F282C0002F75}.Debug|Any CPU.ActiveCfg = Debug|Any CPU
		{8FE213AB-8B85-4A8B-9CA1-F282C0002F75}.Debug|Any CPU.Build.0 = Debug|Any CPU
		{8FE213AB-8B85-4A8B-9CA1-F282C0002F75}.Release|Any CPU.ActiveCfg = Release|Any CPU
		{8FE213AB-8B85-4A8B-9CA1-F282C0002F75}.Release|Any CPU.Build.0 = Release|Any CPU
		{09D03D03-DE9C-4434-A768-39C4D05D29DE}.Debug|Any CPU.ActiveCfg = Debug|Any CPU
		{09D03D03-DE9C-4434-A768-39C4D05D29DE}.Debug|Any CPU.Build.0 = Debug|Any CPU
		{09D03D03-DE9C-4434-A768-39C4D05D29DE}.Release|Any CPU.ActiveCfg = Release|Any CPU
		{09D03D03-DE9C-4434-A768-39C4D05D29DE}.Release|Any CPU.Build.0 = Release|Any CPU
		{ED494F11-6AB0-4D85-90EB-27F2EE271318}.Debug|Any CPU.ActiveCfg = Debug|Any CPU
		{ED494F11-6AB0-4D85-90EB-27F2EE271318}.Debug|Any CPU.Build.0 = Debug|Any CPU
		{ED494F11-6AB0-4D85-90EB-27F2EE271318}.Release|Any CPU.ActiveCfg = Release|Any CPU
		{ED494F11-6AB0-4D85-90EB-27F2EE271318}.Release|Any CPU.Build.0 = Release|Any CPU
		{3F8A26F4-797C-4994-9F1F-E4A5B512108C}.Debug|Any CPU.ActiveCfg = Debug|Any CPU
		{3F8A26F4-797C-4994-9F1F-E4A5B512108C}.Debug|Any CPU.Build.0 = Debug|Any CPU
		{3F8A26F4-797C-4994-9F1F-E4A5B512108C}.Release|Any CPU.ActiveCfg = Release|Any CPU
		{3F8A26F4-797C-4994-9F1F-E4A5B512108C}.Release|Any CPU.Build.0 = Release|Any CPU
		{D179F6CD-EE9D-46BD-9A9A-B74AF7577B3E}.Debug|Any CPU.ActiveCfg = Debug|Any CPU
		{D179F6CD-EE9D-46BD-9A9A-B74AF7577B3E}.Debug|Any CPU.Build.0 = Debug|Any CPU
		{D179F6CD-EE9D-46BD-9A9A-B74AF7577B3E}.Release|Any CPU.ActiveCfg = Release|Any CPU
		{D179F6CD-EE9D-46BD-9A9A-B74AF7577B3E}.Release|Any CPU.Build.0 = Release|Any CPU
		{7FF124DC-B98A-4737-ADEF-589103B1ACCC}.Debug|Any CPU.ActiveCfg = Debug|Any CPU
		{7FF124DC-B98A-4737-ADEF-589103B1ACCC}.Debug|Any CPU.Build.0 = Debug|Any CPU
		{7FF124DC-B98A-4737-ADEF-589103B1ACCC}.Release|Any CPU.ActiveCfg = Release|Any CPU
		{7FF124DC-B98A-4737-ADEF-589103B1ACCC}.Release|Any CPU.Build.0 = Release|Any CPU
		{C97FA7C6-CB59-48C8-9303-C141C57EB3B1}.Debug|Any CPU.ActiveCfg = Debug|Any CPU
		{C97FA7C6-CB59-48C8-9303-C141C57EB3B1}.Debug|Any CPU.Build.0 = Debug|Any CPU
		{C97FA7C6-CB59-48C8-9303-C141C57EB3B1}.Release|Any CPU.ActiveCfg = Release|Any CPU
		{C97FA7C6-CB59-48C8-9303-C141C57EB3B1}.Release|Any CPU.Build.0 = Release|Any CPU
		{251E6723-DC67-48BA-8987-7F0C42FAA745}.Debug|Any CPU.ActiveCfg = Debug|Any CPU
		{251E6723-DC67-48BA-8987-7F0C42FAA745}.Debug|Any CPU.Build.0 = Debug|Any CPU
		{251E6723-DC67-48BA-8987-7F0C42FAA745}.Release|Any CPU.ActiveCfg = Release|Any CPU
		{251E6723-DC67-48BA-8987-7F0C42FAA745}.Release|Any CPU.Build.0 = Release|Any CPU
	EndGlobalSection
	GlobalSection(SolutionProperties) = preSolution
		HideSolutionNode = FALSE
	EndGlobalSection
	GlobalSection(ExtensibilityGlobals) = postSolution
		SolutionGuid = {C74D2017-62F7-420A-B4F5-4BB741A3BA5E}
	EndGlobalSection
EndGlobal
